
Microsoft Visual Studio Solution File, Format Version 12.00
Project("{FAE04EC0-301F-11D3-BF4B-00C04F79EFBC}") = "Compulsory1.Petshop.UI", "Compulsory1.Petshop.UI\Compulsory1.Petshop.UI.csproj", "{C7BE5DC7-E5D2-4A7F-AFF5-6897AEB3D285}"
EndProject
Project("{2150E333-8FDC-42A3-9474-1A3956D46DE8}") = "UI", "UI", "{6354A6DA-0B75-487B-9D75-BCB92F5FEC72}"
EndProject
Project("{2150E333-8FDC-42A3-9474-1A3956D46DE8}") = "Core", "Core", "{B4E8EBF5-0C8C-4603-BD24-F215069533CB}"
EndProject
Project("{2150E333-8FDC-42A3-9474-1A3956D46DE8}") = "Infrastructure", "Infrastructure", "{13C3DA2A-9FAA-454F-8EC9-B0DC27078432}"
EndProject
Project("{FAE04EC0-301F-11D3-BF4B-00C04F79EFBC}") = "Compulsory1.Petshop.Core", "Compulsory1.Petshop.Core\Compulsory1.Petshop.Core.csproj", "{FFFE4268-1669-45A3-A7FC-51F430D40DF7}"
EndProject
Project("{FAE04EC0-301F-11D3-BF4B-00C04F79EFBC}") = "Compulsory1.Petshop.Domain", "Compulsory1.Petshop\Compulsory1.Petshop.Domain.csproj", "{230B1568-0AB2-4506-8473-0C4B1A19CF81}"
EndProject
Project("{FAE04EC0-301F-11D3-BF4B-00C04F79EFBC}") = "Compulsory1.Petshop.DataAccess", "Compulsory1.Petshop.DataAccess\Compulsory1.Petshop.DataAccess.csproj", "{6B9A5A99-8C63-4328-99E2-7F5A9CE43768}"
EndProject
Project("{FAE04EC0-301F-11D3-BF4B-00C04F79EFBC}") = "Compulsory1.Petshop.API", "Compulsory1.Petshop.API\Compulsory1.Petshop.API.csproj", "{463D851C-27DF-4F5E-ACA5-1DC1583695C5}"
EndProject
Project("{FAE04EC0-301F-11D3-BF4B-00C04F79EFBC}") = "Compulsory1.Petshop.Infrastructure.Data", "Compulsory1.Petshop.Infrastructure.Data\Compulsory1.Petshop.Infrastructure.Data.csproj", "{1818821C-6BA8-44F3-87DD-30E2C7F05244}"
EndProject
Global
	GlobalSection(SolutionConfigurationPlatforms) = preSolution
		Debug|Any CPU = Debug|Any CPU
		Release|Any CPU = Release|Any CPU
	EndGlobalSection
	GlobalSection(ProjectConfigurationPlatforms) = postSolution
		{C7BE5DC7-E5D2-4A7F-AFF5-6897AEB3D285}.Debug|Any CPU.ActiveCfg = Debug|Any CPU
		{C7BE5DC7-E5D2-4A7F-AFF5-6897AEB3D285}.Debug|Any CPU.Build.0 = Debug|Any CPU
		{C7BE5DC7-E5D2-4A7F-AFF5-6897AEB3D285}.Release|Any CPU.ActiveCfg = Release|Any CPU
		{C7BE5DC7-E5D2-4A7F-AFF5-6897AEB3D285}.Release|Any CPU.Build.0 = Release|Any CPU
		{FFFE4268-1669-45A3-A7FC-51F430D40DF7}.Debug|Any CPU.ActiveCfg = Debug|Any CPU
		{FFFE4268-1669-45A3-A7FC-51F430D40DF7}.Debug|Any CPU.Build.0 = Debug|Any CPU
		{FFFE4268-1669-45A3-A7FC-51F430D40DF7}.Release|Any CPU.ActiveCfg = Release|Any CPU
		{FFFE4268-1669-45A3-A7FC-51F430D40DF7}.Release|Any CPU.Build.0 = Release|Any CPU
		{230B1568-0AB2-4506-8473-0C4B1A19CF81}.Debug|Any CPU.ActiveCfg = Debug|Any CPU
		{230B1568-0AB2-4506-8473-0C4B1A19CF81}.Debug|Any CPU.Build.0 = Debug|Any CPU
		{230B1568-0AB2-4506-8473-0C4B1A19CF81}.Release|Any CPU.ActiveCfg = Release|Any CPU
		{230B1568-0AB2-4506-8473-0C4B1A19CF81}.Release|Any CPU.Build.0 = Release|Any CPU
		{6B9A5A99-8C63-4328-99E2-7F5A9CE43768}.Debug|Any CPU.ActiveCfg = Debug|Any CPU
		{6B9A5A99-8C63-4328-99E2-7F5A9CE43768}.Debug|Any CPU.Build.0 = Debug|Any CPU
		{6B9A5A99-8C63-4328-99E2-7F5A9CE43768}.Release|Any CPU.ActiveCfg = Release|Any CPU
		{6B9A5A99-8C63-4328-99E2-7F5A9CE43768}.Release|Any CPU.Build.0 = Release|Any CPU
		{463D851C-27DF-4F5E-ACA5-1DC1583695C5}.Debug|Any CPU.ActiveCfg = Debug|Any CPU
		{463D851C-27DF-4F5E-ACA5-1DC1583695C5}.Debug|Any CPU.Build.0 = Debug|Any CPU
		{463D851C-27DF-4F5E-ACA5-1DC1583695C5}.Release|Any CPU.ActiveCfg = Release|Any CPU
		{463D851C-27DF-4F5E-ACA5-1DC1583695C5}.Release|Any CPU.Build.0 = Release|Any CPU
		{1818821C-6BA8-44F3-87DD-30E2C7F05244}.Debug|Any CPU.ActiveCfg = Debug|Any CPU
		{1818821C-6BA8-44F3-87DD-30E2C7F05244}.Debug|Any CPU.Build.0 = Debug|Any CPU
		{1818821C-6BA8-44F3-87DD-30E2C7F05244}.Release|Any CPU.ActiveCfg = Release|Any CPU
		{1818821C-6BA8-44F3-87DD-30E2C7F05244}.Release|Any CPU.Build.0 = Release|Any CPU
	EndGlobalSection
	GlobalSection(NestedProjects) = preSolution
		{C7BE5DC7-E5D2-4A7F-AFF5-6897AEB3D285} = {6354A6DA-0B75-487B-9D75-BCB92F5FEC72}
		{FFFE4268-1669-45A3-A7FC-51F430D40DF7} = {B4E8EBF5-0C8C-4603-BD24-F215069533CB}
		{230B1568-0AB2-4506-8473-0C4B1A19CF81} = {B4E8EBF5-0C8C-4603-BD24-F215069533CB}
		{6B9A5A99-8C63-4328-99E2-7F5A9CE43768} = {13C3DA2A-9FAA-454F-8EC9-B0DC27078432}
		{463D851C-27DF-4F5E-ACA5-1DC1583695C5} = {6354A6DA-0B75-487B-9D75-BCB92F5FEC72}
		{1818821C-6BA8-44F3-87DD-30E2C7F05244} = {13C3DA2A-9FAA-454F-8EC9-B0DC27078432}
	EndGlobalSection
EndGlobal
